
Microsoft Visual Studio Solution File, Format Version 12.00
# Visual Studio 2013
VisualStudioVersion = 12.0.31101.0
MinimumVisualStudioVersion = 10.0.40219.1
Project("{FAE04EC0-301F-11D3-BF4B-00C04F79EFBC}") = "ReddIt.API", "ReddIt\ReddIt.API.csproj", "{FC5E4C63-D936-45B0-86DC-61A5E1DD4B0D}"
EndProject
Project("{FAE04EC0-301F-11D3-BF4B-00C04F79EFBC}") = "ReddIt.Tests", "ReddIt.Tests\ReddIt.Tests.csproj", "{A77E2698-FF5C-46DA-BFBD-22248733B94B}"
EndProject
Project("{FAE04EC0-301F-11D3-BF4B-00C04F79EFBC}") = "ReddIt.Model", "ReddIt.Model\ReddIt.Model.csproj", "{EBAC66C2-8FFE-4B9A-8F1C-EF1DB3704852}"
EndProject
Project("{FAE04EC0-301F-11D3-BF4B-00C04F79EFBC}") = "ReddIt.Helper", "ReddIt.Helper\ReddIt.Helper.csproj", "{F736E1AF-D6AD-4633-B766-9232CC7F1E1E}"
EndProject
Project("{FAE04EC0-301F-11D3-BF4B-00C04F79EFBC}") = "ReddIt.Provider", "ReddIt.Provider\ReddIt.Provider.csproj", "{DD322407-B0E5-4F53-BDA6-0EDD8C16E635}"
EndProject
Global
	GlobalSection(SolutionConfigurationPlatforms) = preSolution
		Debug|Any CPU = Debug|Any CPU
		Release|Any CPU = Release|Any CPU
	EndGlobalSection
	GlobalSection(ProjectConfigurationPlatforms) = postSolution
		{FC5E4C63-D936-45B0-86DC-61A5E1DD4B0D}.Debug|Any CPU.ActiveCfg = Debug|Any CPU
		{FC5E4C63-D936-45B0-86DC-61A5E1DD4B0D}.Debug|Any CPU.Build.0 = Debug|Any CPU
		{FC5E4C63-D936-45B0-86DC-61A5E1DD4B0D}.Release|Any CPU.ActiveCfg = Release|Any CPU
		{FC5E4C63-D936-45B0-86DC-61A5E1DD4B0D}.Release|Any CPU.Build.0 = Release|Any CPU
		{A77E2698-FF5C-46DA-BFBD-22248733B94B}.Debug|Any CPU.ActiveCfg = Debug|Any CPU
		{A77E2698-FF5C-46DA-BFBD-22248733B94B}.Debug|Any CPU.Build.0 = Debug|Any CPU
		{A77E2698-FF5C-46DA-BFBD-22248733B94B}.Release|Any CPU.ActiveCfg = Release|Any CPU
		{A77E2698-FF5C-46DA-BFBD-22248733B94B}.Release|Any CPU.Build.0 = Release|Any CPU
		{EBAC66C2-8FFE-4B9A-8F1C-EF1DB3704852}.Debug|Any CPU.ActiveCfg = Debug|Any CPU
		{EBAC66C2-8FFE-4B9A-8F1C-EF1DB3704852}.Debug|Any CPU.Build.0 = Debug|Any CPU
		{EBAC66C2-8FFE-4B9A-8F1C-EF1DB3704852}.Release|Any CPU.ActiveCfg = Release|Any CPU
		{EBAC66C2-8FFE-4B9A-8F1C-EF1DB3704852}.Release|Any CPU.Build.0 = Release|Any CPU
		{F736E1AF-D6AD-4633-B766-9232CC7F1E1E}.Debug|Any CPU.ActiveCfg = Debug|Any CPU
		{F736E1AF-D6AD-4633-B766-9232CC7F1E1E}.Debug|Any CPU.Build.0 = Debug|Any CPU
		{F736E1AF-D6AD-4633-B766-9232CC7F1E1E}.Release|Any CPU.ActiveCfg = Release|Any CPU
		{F736E1AF-D6AD-4633-B766-9232CC7F1E1E}.Release|Any CPU.Build.0 = Release|Any CPU
		{DD322407-B0E5-4F53-BDA6-0EDD8C16E635}.Debug|Any CPU.ActiveCfg = Debug|Any CPU
		{DD322407-B0E5-4F53-BDA6-0EDD8C16E635}.Debug|Any CPU.Build.0 = Debug|Any CPU
		{DD322407-B0E5-4F53-BDA6-0EDD8C16E635}.Release|Any CPU.ActiveCfg = Release|Any CPU
		{DD322407-B0E5-4F53-BDA6-0EDD8C16E635}.Release|Any CPU.Build.0 = Release|Any CPU
	EndGlobalSection
	GlobalSection(SolutionProperties) = preSolution
		HideSolutionNode = FALSE
	EndGlobalSection
EndGlobal
